
Microsoft Visual Studio Solution File, Format Version 12.00
# Visual Studio Version 16
VisualStudioVersion = 16.0.31005.135
MinimumVisualStudioVersion = 10.0.40219.1
Project("{9A19103F-16F7-4668-BE54-9A1E7A4F7556}") = "WebAPI", "..\WebAPI\WebAPI.csproj", "{E6A1BA02-2C31-4F69-ACE6-00DE58BAE4D9}"
EndProject
Project("{9A19103F-16F7-4668-BE54-9A1E7A4F7556}") = "WebAPI_Test", "WebAPI_Test.csproj", "{C142B3FA-58C6-4D92-9B85-DF0146F64F29}"
EndProject
Global
	GlobalSection(SolutionConfigurationPlatforms) = preSolution
		Debug|Any CPU = Debug|Any CPU
		Release|Any CPU = Release|Any CPU
	EndGlobalSection
	GlobalSection(ProjectConfigurationPlatforms) = postSolution
		{E6A1BA02-2C31-4F69-ACE6-00DE58BAE4D9}.Debug|Any CPU.ActiveCfg = Debug|Any CPU
		{E6A1BA02-2C31-4F69-ACE6-00DE58BAE4D9}.Debug|Any CPU.Build.0 = Debug|Any CPU
		{E6A1BA02-2C31-4F69-ACE6-00DE58BAE4D9}.Release|Any CPU.ActiveCfg = Release|Any CPU
		{E6A1BA02-2C31-4F69-ACE6-00DE58BAE4D9}.Release|Any CPU.Build.0 = Release|Any CPU
		{C142B3FA-58C6-4D92-9B85-DF0146F64F29}.Debug|Any CPU.ActiveCfg = Debug|Any CPU
		{C142B3FA-58C6-4D92-9B85-DF0146F64F29}.Debug|Any CPU.Build.0 = Debug|Any CPU
		{C142B3FA-58C6-4D92-9B85-DF0146F64F29}.Release|Any CPU.ActiveCfg = Release|Any CPU
		{C142B3FA-58C6-4D92-9B85-DF0146F64F29}.Release|Any CPU.Build.0 = Release|Any CPU
	EndGlobalSection
	GlobalSection(SolutionProperties) = preSolution
		HideSolutionNode = FALSE
	EndGlobalSection
	GlobalSection(ExtensibilityGlobals) = postSolution
		SolutionGuid = {A286C03F-6DE0-4D34-9A08-33EB5E2FC977}
	EndGlobalSection
EndGlobal
